github.com/go-webgpu/goffi v0.6.2 h1:xuMaUbqsNQ/xiyy5UwAKZb5vQZUDg9QRCrJIpHJaXSE=
github.com/go-webgpu/goffi v0.6.2/go.mod h1:wfoxNsJkU+5RFbV1kNN1kunhc1lFHuJKK3zpgx08/uM=
github.com/go-webgpu/goffi v0.6.3 h1:p4gKGikHBAQ/8iUiew9MV4C5M1ZGIsk8QGFGuJjMj+A=
github.com/go-webgpu/goffi v0.6.3/go.mod h1:wfoxNsJkU+5RFbV1kNN1kunhc1lFHuJKK3zpgx08/uM=
github.com/go-webgpu/webgpu v0.5.4 h1:4Tjcq3T2Zz81iOrxDfs7qcdWG45WZUFTvjhvtVc4/V4=
github.com/go-webgpu/webgpu v0.5.4/go.mod h1:iUdgoB4ISDyXvozQ7E4oiudvNZTB8ol1NngUWmdZGqQ=
github.com/go-webgpu/webgpu v0.5.5 h1:pIrXzRg0LRlNjNmR+ZNo/ERN88YaObzbCY5oYhir5SA=
github.com/go-webgpu/webgpu v0.5.5/go.mod h1:vgIuNTa1UlZ4njCGY6Pmp/0c5T5o2Ml2fQ0znLc7B98=
github.com/gogpu/gg v0.50.10 h1:3GEcoH/VYhLNd+Vyr2RhGMAUDDz1Anj1mVpMcilkGSg=
github.com/gogpu/gg v0.50.10/go.mod h1:Z36mIe69gV+Arisf3M6GLvyh2whGQJYoSYdx2HlfUOg=
github.com/gogpu/gogpu v0.47.2 h1:TYtH/ryXsyGadlaDhk5Bx+PWWaeXjA19S9CxNGD6vx8=
github.com/gogpu/gogpu v0.47.2/go.mod h1:o3xHoPeDfyb1CquTvrVGxxHgGEKkvW5uNKENQwI732s=
github.com/gogpu/gogpu v0.48.5 h1:ZcCGHzH5rWj1XTmGrqFqqbmLA0C7sbnY0wYaXU5O6mA=
github.com/gogpu/gogpu v0.48.5/go.mod h1:Vt8YmokZ/j0nK7DOoWEiQk1ksZMVRvNIcw3LMlHXYpY=
github.com/gogpu/gpucontext v0.23.0 h1:DiqZfXk2x5mql76zLUToB6a352J6NoAuE25VZbT/D5g=
github.com/gogpu/gpucontext v0.23.0/go.mod h1:OrT137boh5yPhqBEhF4UQKIOu1Jq74SLQzYa/m6JbNo=
github.com/gogpu/gpucontext v0.24.0 h1:YQ0FxGqXEO8LQB+6/TOqZOV1fn0mO9UDYR0obSU3R6o=
github.com/gogpu/gpucontext v0.24.0/go.mod h1:OrT137boh5yPhqBEhF4UQKIOu1Jq74SLQzYa/m6JbNo=
github.com/gogpu/gputypes v0.5.1 h1:X38OPcP6umQqqubzzJYL6Nm1tXHSNQj6TRSAoxdAJmg=
github.com/gogpu/gputypes v0.5.1/go.mod h1:cnXrDMwTpWTvJLW1Vreop3PcT6a2YP/i3s91rPaOavw=
github.com/gogpu/naga v0.17.16 h1:SaDkx2laBNg1+nM25X91F7vopLalbI+MGn8diM9YB9Y=
github.com/gogpu/naga v0.17.16/go.mod h1:15sQaHKkbqXcwTN+hHYGLsA0WBBnkmYzne/eF5p5WEg=
github.com/gogpu/naga v0.18.0 h1:2y83HUcAnlwEZMuHOiYTMdNYM9J8rev40gkI4zJ96Uk=
github.com/gogpu/naga v0.18.0/go.mod h1:15sQaHKkbqXcwTN+hHYGLsA0WBBnkmYzne/eF5p5WEg=
github.com/gogpu/wgpu v0.30.30 h1:wxeqmd8oUT0Q2nxpx27xK9csUlYxd6Lsh+M1Erm8gzk=
github.com/gogpu/wgpu v0.30.30/go.mod h1:j9Wk/jpiv17f7qykyOYqBwrakB4JszlalqKHN+/DMFM=
github.com/gogpu/wgpu v0.30.35 h1:qUARm/jiRDYlxyd+UVLBt1JHXdt4936p8VrOOZacMy0=
github.com/gogpu/wgpu v0.30.35/go.mod h1:fi3zxQmJnjPRMqqA5wl2kta2Z6kxdf8HQxEORNT1Lt4=
golang.org/x/image v0.44.0 h1:+tDekMZED9+LrtB3G5xzRggpVh9CARjZqROla3R3R+I=
golang.org/x/image v0.44.0/go.mod h1:V8K3KE9KKKE+pLpQDOeN18w9oacNSvy1tDOirTu4xtY=
golang.org/x/sys v0.47.0 h1:o7XGOvZQCADBQQ4Y7VNq2dRWQR7JmOUW8Kxx4ZsNgWs=
golang.org/x/sys v0.47.0/go.mod h1:4GL1E5IUh+htKOUEOaiffhrAeqysfVGipDYzABqnCmw=
golang.org/x/text v0.40.0 h1:Ub2Z6/xjgF1WrYQz2nuITOEegKFtiIy+rieRJ5lHZKs=
golang.org/x/text v0.40.0/go.mod h1:hpnzDAfGV753zIKo+wk3u1bVKCGPbrnF7+7LBF/UHVY=
